# This file is automatically @generated by Poetry 2.2.1 and should not be changed by hand.

[[package]]
name = "colorama"
version = "0.4.6"
description = "Cross-platform colored terminal text."
optional = false
python-versions = "!=3.0.*,!=3.1.*,!=3.2.*,!=3.3.*,!=3.4.*,!=3.5.*,!=3.6.*,>=2.7"
groups = ["dev"]
markers = "sys_platform == \"win32\""
files = [
    {file = "colorama-0.4.6-py2.py3-none-any.whl", hash = "sha256:4f1d9991f5acc0ca119f9d443620b77f9d6b33703e51011c16baf57afb285fc6"},
    {file = "colorama-0.4.6.tar.gz", hash = "sha256:08695f5cb7ed6e0531a20572697297273c47b8cae5a63ffc6d6ed5c201be6e44"},
]

[[package]]
name = "iniconfig"
version = "2.3.0"
description = "brain-dead simple config-ini parsing"
optional = false
python-versions = ">=3.10"
groups = ["dev"]
files = [
    {file = "iniconfig-2.3.0-py3-none-any.whl", hash = "sha256:f631c04d2c48c52b84d0d0549c99ff3859c98df65b3101406327ecc7d53fbf12"},
    {file = "iniconfig-2.3.0.tar.gz", hash = "sha256:c76315c77db068650d49c5b56314774a7804df16fee4402c1f19d6d15d8c4730"},
]

[[package]]
name = "packaging"
version = "26.0"
description = "Core utilities for Python packages"
optional = false
python-versions = ">=3.8"
groups = ["dev"]
files = [
    {file = "packaging-26.0-py3-none-any.whl", hash = "sha256:b36f1fef9334a5588b4166f8bcd26a14e521f2b55e6b9de3aaa80d3ff7a37529"},
    {file = "packaging-26.0.tar.gz", hash = "sha256:00243ae351a257117b6a241061796684b084ed1c516a08c48a3f7e147a9d80b4"},
]

[[package]]
name = "pluggy"
version = "1.6.0"
description = "plugin and hook calling mechanisms for python"
optional = false
python-versions = ">=3.9"
groups = ["dev"]
files = [
    {file = "pluggy-1.6.0-py3-none-any.whl", hash = "sha256:e920276dd6813095e9377c0bc5566d94c932c33b27a3e3945d8389c374dd4746"},
    {file = "pluggy-1.6.0.tar.gz", hash = "sha256:7dcc130b76258d33b90f61b658791dede3486c3e6bfb003ee5c9bfb396dd22f3"},
]

[package.extras]
dev = ["pre-commit", "tox"]
testing = ["coverage", "pytest", "pytest-benchmark"]

[[package]]
name = "polars"
version = "1.39.0"
description = "Blazingly fast DataFrame library"
optional = false
python-versions = ">=3.10"
groups = ["main"]
files = [
    {file = "polars-1.39.0-py3-none-any.whl", hash = "sha256:4d1198b41bc47561673d9f54d0f595125202a3f53e3502821802958d3e60efe9"},
    {file = "polars-1.39.0.tar.gz", hash = "sha256:e63a25fb7682ae660e36067915a7c71a653b17f82308a8eb67a190a80daf0710"},
]

[package.dependencies]
polars-runtime-32 = "1.39.0"

[package.extras]
adbc = ["adbc-driver-manager[dbapi]", "adbc-driver-sqlite[dbapi]"]
all = ["polars[async,cloudpickle,database,deltalake,excel,fsspec,graph,iceberg,numpy,pandas,plot,pyarrow,pydantic,style,timezone]"]
async = ["gevent"]
calamine = ["fastexcel (>=0.9)"]
cloudpickle = ["cloudpickle"]
connectorx = ["connectorx (>=0.3.2)"]
database = ["polars[adbc,connectorx,sqlalchemy]"]
deltalake = ["deltalake (>=1.0.0)"]
excel = ["polars[calamine,openpyxl,xlsx2csv,xlsxwriter]"]
fsspec = ["fsspec"]
gpu = ["cudf-polars-cu12"]
graph = ["matplotlib"]
iceberg = ["pyiceberg (>=0.7.1)"]
numpy = ["numpy (>=1.16.0)"]
openpyxl = ["openpyxl (>=3.0.0)"]
pandas = ["pandas", "polars[pyarrow]"]
plot = ["altair (>=5.4.0)"]
polars-cloud = ["polars_cloud (>=0.4.0)"]
pyarrow = ["pyarrow (>=7.0.0)"]
pydantic = ["pydantic"]
rt64 = ["polars-runtime-64 (==1.39.0)"]
rtcompat = ["polars-runtime-compat (==1.39.0)"]
sqlalchemy = ["polars[pandas]", "sqlalchemy"]
style = ["great-tables (>=0.8.0)"]
timezone = ["tzdata ; platform_system == \"Windows\""]
xlsx2csv = ["xlsx2csv (>=0.8.0)"]
xlsxwriter = ["xlsxwriter"]

[[package]]
name = "polars-runtime-32"
version = "1.39.0"
description = "Blazingly fast DataFrame library"
optional = false
python-versions = ">=3.10"
groups = ["main"]
files = [
    {file = "polars_runtime_32-1.39.0-cp310-abi3-macosx_10_12_x86_64.whl", hash = "sha256:4a4bc06ca97238d963979e3f888fbb500ee607f03cefe43a9062381e259503e2"},
    {file = "polars_runtime_32-1.39.0-cp310-abi3-macosx_11_0_arm64.whl", hash = "sha256:e9914b9e168634bc21d07ee03b8fa92d0aaa8ac7b2bb1c9e2f1f78622aa1b8f4"},
    {file = "polars_runtime_32-1.39.0-cp310-abi3-manylinux_2_17_aarch64.manylinux2014_aarch64.whl", hash = "sha256:8ded58f1c28e17ecbff8625cb1ad93016761260348acb79b1a4cd077970e89e5"},
    {file = "polars_runtime_32-1.39.0-cp310-abi3-manylinux_2_17_x86_64.manylinux2014_x86_64.whl", hash = "sha256:b82c872b25ef6628462f90f1b6b3950779aee36889e83b3693d0a69684d3d86a"},
    {file = "polars_runtime_32-1.39.0-cp310-abi3-musllinux_1_2_aarch64.whl", hash = "sha256:4a0e9d6b56362f3ba1a33d0538ae14c9b9a8e0fb835f86abfc82fa7b2c7d89c9"},
    {file = "polars_runtime_32-1.39.0-cp310-abi3-musllinux_1_2_x86_64.whl", hash = "sha256:0daea3919661ba672b00bd01b5547cd29bb6414732457abb72cbc75103cf3c90"},
    {file = "polars_runtime_32-1.39.0-cp310-abi3-win_amd64.whl", hash = "sha256:d6e9d1cf264aacfe5bf03241c04ef435d0f9cfec3fbe079acc3a7328a737961a"},
    {file = "polars_runtime_32-1.39.0-cp310-abi3-win_arm64.whl", hash = "sha256:d69abde5f148566860bbe910010847bd7791e72f7c8063a4d2c462246a33a72a"},
    {file = "polars_runtime_32-1.39.0.tar.gz", hash = "sha256:f5aabed8c7318fcad5173e83bee385445f54b5f8c83b1ec9eab78bdffa293141"},
]

[[package]]
name = "pygments"
version = "2.19.2"
description = "Pygments is a syntax highlighting package written in Python."
optional = false
python-versions = ">=3.8"
groups = ["dev"]
files = [
    {file = "pygments-2.19.2-py3-none-any.whl", hash = "sha256:86540386c03d588bb81d44bc3928634ff26449851e99741617ecb9037ee5ec0b"},
    {file = "pygments-2.19.2.tar.gz", hash = "sha256:636cb2477cec7f8952536970bc533bc43743542f70392ae026374600add5b887"},
]

[package.extras]
windows-terminal = ["colorama (>=0.4.6)"]

[[package]]
name = "pytest"
version = "9.0.2"
description = "pytest: simple powerful testing with Python"
optional = false
python-versions = ">=3.10"
groups = ["dev"]
files = [
    {file = "pytest-9.0.2-py3-none-any.whl", hash = "sha256:711ffd45bf766d5264d487b917733b453d917afd2b0ad65223959f59089f875b"},
    {file = "pytest-9.0.2.tar.gz", hash = "sha256:75186651a92bd89611d1d9fc20f0b4345fd827c41ccd5c299a868a05d70edf11"},
]

[package.dependencies]
colorama = {version = ">=0.4", markers = "sys_platform == \"win32\""}
iniconfig = ">=1.0.1"
packaging = ">=22"
pluggy = ">=1.5,<2"
pygments = ">=2.7.2"

[package.extras]
dev = ["argcomplete", "attrs (>=19.2)", "hypothesis (>=3.56)", "mock", "requests", "setuptools", "xmlschema"]

[metadata]
lock-version = "2.1"
python-versions = ">=3.12"
content-hash = "52ac3ef6c09e53f34cef3c4c0601cf7bc6348128517eb3a263fa55b5168fba26"
